{
  "nodes": {
    "nix-debian-image-builder": {
      "inputs": {
        "nixpkgs": "nixpkgs"
      },
      "locked": {
        "lastModified": 1791290637,
        "narHash": "sha256-CJkcVVMGCSqK09bbfGBakBMAEvgnfzZJPFVicyc9uzg=",
        "owner": "fictionlab",
        "repo": "nix-debian-image-builder",
        "rev": "d05a7c787be8aeb8538d5e773cb09dfd26846066",
        "type": "github"
      },
      "original": {
        "owner": "fictionlab",
        "repo": "nix-debian-image-builder",
        "type": "github"
      }
    },
    "nixpkgs": {
      "locked": {
        "lastModified": 1788372231,
        "narHash": "sha256-7aqErvrAEz/5OcPA5p3M+tVOqeYc4oJXkNIPXfCqxAw=",
        "owner": "NixOS",
        "repo": "nixpkgs",
        "rev": "9387b3fcc0c23c86661636da63faabad4235a0a6",
        "type": "github"
      },
      "original": {
        "owner": "NixOS",
        "repo": "nixpkgs",
        "rev": "9387b3fcc0c23c86661636da63faabad4235a0a6",
        "type": "github"
      }
    },
    "root": {
      "inputs": {
        "nix-debian-image-builder": "nix-debian-image-builder",
        "nixpkgs": [
          "nix-debian-image-builder",
          "nixpkgs"
        ]
      }
    }
  },
  "root": "root",
  "version": 7
}
