{
  "nodes": {
    "nix-debian-image-builder": {
      "inputs": {
        "nixpkgs": "nixpkgs"
      },
      "locked": {
        "lastModified": 1791295447,
        "narHash": "sha256-NMwFljH0OpEyMt32PnMqJ5MOC+CXj/ADUm5w7zj/Jik=",
        "owner": "fictionlab",
        "repo": "nix-debian-image-builder",
        "rev": "f3de4e66e5916b77c28696add8f3ee6570834d13",
        "type": "github"
      },
      "original": {
        "owner": "fictionlab",
        "repo": "nix-debian-image-builder",
        "type": "github"
      }
    },
    "nixpkgs": {
      "locked": {
        "lastModified": 1788372231,
        "narHash": "sha256-7aqErvrAEz/5OcPA5p3M+tVOqeYc4oJXkNIPXfCqxAw=",
        "owner": "NixOS",
        "repo": "nixpkgs",
        "rev": "9387b3fcc0c23c86661636da63faabad4235a0a6",
        "type": "github"
      },
      "original": {
        "owner": "NixOS",
        "repo": "nixpkgs",
        "rev": "9387b3fcc0c23c86661636da63faabad4235a0a6",
        "type": "github"
      }
    },
    "root": {
      "inputs": {
        "nix-debian-image-builder": "nix-debian-image-builder",
        "nixpkgs": [
          "nix-debian-image-builder",
          "nixpkgs"
        ]
      }
    }
  },
  "root": "root",
  "version": 7
}
